{
  "name": "windows10-dunamic-wallpaper",
  "version": "1.0.0",
  "lockfileVersion": 1,
  "requires": true,
  "dependencies": {
    "@saleae/ffi": {
      "version": "3.0.2",
      "resolved": "https://registry.npm.taobao.org/@saleae/ffi/download/@saleae/ffi-3.0.2.tgz",
      "integrity": "sha1-M117YHy3sQUt9OZ3tdk/KLc0wNM=",
      "requires": {
        "bindings": "~1.5.0",
        "debug": "4",
        "nan": "^2.13.2",
        "ref": "npm:@saleae/ref@^2.0.1",
        "ref-struct": "npm:@saleae/ref-struct@^2.0.1"
      }
    },
    "bindings": {
      "version": "1.5.0",
      "resolved": "https://registry.npm.taobao.org/bindings/download/bindings-1.5.0.tgz",
      "integrity": "sha1-EDU8npRTNLwFEabZCzj7x8nFBN8=",
      "requires": {
        "file-uri-to-path": "1.0.0"
      }
    },
    "debug": {
      "version": "4.1.1",
      "resolved": "https://registry.npm.taobao.org/debug/download/debug-4.1.1.tgz?cache=0&sync_timestamp=1586434741341&other_urls=https%3A%2F%2Fregistry.npm.taobao.org%2Fdebug%2Fdownload%2Fdebug-4.1.1.tgz",
      "integrity": "sha1-O3ImAlUQnGtYnO4FDx1RYTlmR5E=",
      "requires": {
        "ms": "^2.1.1"
      }
    },
    "file-uri-to-path": {
      "version": "1.0.0",
      "resolved": "https://registry.npm.taobao.org/file-uri-to-path/download/file-uri-to-path-1.0.0.tgz",
      "integrity": "sha1-VTp7hEb/b2hDWcRF8eN6BdrMM90="
    },
    "ms": {
      "version": "2.1.2",
      "resolved": "https://registry.npm.taobao.org/ms/download/ms-2.1.2.tgz",
      "integrity": "sha1-0J0fNXtEP0kzgqjrPM0YOHKuYAk="
    },
    "nan": {
      "version": "2.14.1",
      "resolved": "https://registry.npm.taobao.org/nan/download/nan-2.14.1.tgz?cache=0&sync_timestamp=1587495873856&other_urls=https%3A%2F%2Fregistry.npm.taobao.org%2Fnan%2Fdownload%2Fnan-2.14.1.tgz",
      "integrity": "sha1-174036MQW5FJTDFHCJMV7/iHSwE="
    },
    "ref": {
      "version": "npm:@saleae/ref@2.0.1",
      "resolved": "https://registry.npm.taobao.org/@saleae/ref/download/@saleae/ref-2.0.1.tgz",
      "integrity": "sha1-iFEXy3PqQR3dS/oW5rxxuG2aV0c=",
      "requires": {
        "bindings": "1",
        "debug": "4",
        "nan": "2"
      }
    },
    "ref-struct": {
      "version": "npm:@saleae/ref-struct@2.0.1",
      "resolved": "https://registry.npm.taobao.org/@saleae/ref-struct/download/@saleae/ref-struct-2.0.1.tgz",
      "integrity": "sha1-IYzwFhV9YbHyKjhdKWG4LqqQ54k=",
      "requires": {
        "debug": "4"
      },
      "dependencies": {
        "ref": {
          "version": "npm:@saleae/ref@2.0.1",
          "resolved": "https://registry.npm.taobao.org/@saleae/ref/download/@saleae/ref-2.0.1.tgz",
          "integrity": "sha1-iFEXy3PqQR3dS/oW5rxxuG2aV0c=",
          "requires": {
            "bindings": "1",
            "debug": "4",
            "nan": "2"
          }
        }
      }
    }
  }
}
